// !$*UTF8*$!
{
	archiveVersion = 1;
	classes = {
	};
	objectVersion = 46;
	objects = {

/* Begin PBXBuildFile section */
		292191081F23AC8E00EAC7A8 /* UINavigationBar+UINavigationBar_Translocation.m in Sources */ = {isa = PBXBuildFile; fileRef = 292191071F23AC8E00EAC7A8 /* UINavigationBar+UINavigationBar_Translocation.m */; };
		29BE7C0C1F1FD43100DFE34B /* main.m in Sources */ = {isa = PBXBuildFile; fileRef = 29BE7C0B1F1FD43100DFE34B /* main.m */; };
		29BE7C0F1F1FD43100DFE34B /* AppDelegate.m in Sources */ = {isa = PBXBuildFile; fileRef = 29BE7C0E1F1FD43100DFE34B /* AppDelegate.m */; };
		29BE7C121F1FD43100DFE34B /* KSVNewsTableViewController.m in Sources */ = {isa = PBXBuildFile; fileRef = 29BE7C111F1FD43100DFE34B /* KSVNewsTableViewController.m */; };
		29BE7C151F1FD43100DFE34B /* Main.storyboard in Resources */ = {isa = PBXBuildFile; fileRef = 29BE7C131F1FD43100DFE34B /* Main.storyboard */; };
		29BE7C171F1FD43100DFE34B /* Assets.xcassets in Resources */ = {isa = PBXBuildFile; fileRef = 29BE7C161F1FD43100DFE34B /* Assets.xcassets */; };
		29BE7C1A1F1FD43100DFE34B /* LaunchScreen.storyboard in Resources */ = {isa = PBXBuildFile; fileRef = 29BE7C181F1FD43100DFE34B /* LaunchScreen.storyboard */; };
		29BE7C251F1FD43100DFE34B /* newsAppTests.m in Sources */ = {isa = PBXBuildFile; fileRef = 29BE7C241F1FD43100DFE34B /* newsAppTests.m */; };
		29BE7C301F1FD43200DFE34B /* newsAppUITests.m in Sources */ = {isa = PBXBuildFile; fileRef = 29BE7C2F1F1FD43200DFE34B /* newsAppUITests.m */; };
		29BE7C421F1FE55C00DFE34B /* KSVNewsTableViewCell.m in Sources */ = {isa = PBXBuildFile; fileRef = 29BE7C411F1FE55C00DFE34B /* KSVNewsTableViewCell.m */; };
		29C296821F1FEB7000A9F292 /* KSVDataManager.m in Sources */ = {isa = PBXBuildFile; fileRef = 29C296811F1FEB7000A9F292 /* KSVDataManager.m */; };
		29C296891F211B8E00A9F292 /* KSVNews.m in Sources */ = {isa = PBXBuildFile; fileRef = 29C296881F211B8E00A9F292 /* KSVNews.m */; };
		29F8E91E1F22B6EC001C3155 /* KSVDetailNewsTableViewController.m in Sources */ = {isa = PBXBuildFile; fileRef = 29F8E91D1F22B6EC001C3155 /* KSVDetailNewsTableViewController.m */; };
		29F8E9211F22E146001C3155 /* KSVHeaderTableViewCell.m in Sources */ = {isa = PBXBuildFile; fileRef = 29F8E9201F22E146001C3155 /* KSVHeaderTableViewCell.m */; };
		29F8E9241F22E181001C3155 /* KSVDescriptionTableViewCell.m in Sources */ = {isa = PBXBuildFile; fileRef = 29F8E9231F22E181001C3155 /* KSVDescriptionTableViewCell.m */; };
		5C4D54FFE6F9656DC02A0FE8 /* libPods-newsApp.a in Frameworks */ = {isa = PBXBuildFile; fileRef = C2FF5C12F2C735588428A03F /* libPods-newsApp.a */; };
		895323E9EF653430DD40CFA6 /* libPods-newsAppUITests.a in Frameworks */ = {isa = PBXBuildFile; fileRef = 7F0DF9B3BD4A78530C83508F /* libPods-newsAppUITests.a */; };
		E251E9906BFC5953499E47C1 /* libPods-newsAppTests.a in Frameworks */ = {isa = PBXBuildFile; fileRef = DA6A2A9895E85A2FE3ACC5C0 /* libPods-newsAppTests.a */; };
/* End PBXBuildFile section */

/* Begin PBXContainerItemProxy section */
		29BE7C211F1FD43100DFE34B /* PBXContainerItemProxy */ = {
			isa = PBXContainerItemProxy;
			containerPortal = 29BE7BFF1F1FD43100DFE34B /* Project object */;
			proxyType = 1;
			remoteGlobalIDString = 29BE7C061F1FD43100DFE34B;
			remoteInfo = newsApp;
		};
		29BE7C2C1F1FD43200DFE34B /* PBXContainerItemProxy */ = {
			isa = PBXContainerItemProxy;
			containerPortal = 29BE7BFF1F1FD43100DFE34B /* Project object */;
			proxyType = 1;
			remoteGlobalIDString = 29BE7C061F1FD43100DFE34B;
			remoteInfo = newsApp;
		};
/* End PBXContainerItemProxy section */

/* Begin PBXFileReference section */
		039CE42E653FD040895AF20D /* Pods-newsAppTests.release.xcconfig */ = {isa = PBXFileReference; includeInIndex = 1; lastKnownFileType = text.xcconfig; name = "Pods-newsAppTests.release.xcconfig"; path = "Pods/Target Support Files/Pods-newsAppTests/Pods-newsAppTests.release.xcconfig"; sourceTree = "<group>"; };
		292191061F23AC8E00EAC7A8 /* UINavigationBar+UINavigationBar_Translocation.h */ = {isa = PBXFileReference; fileEncoding = 4; lastKnownFileType = sourcecode.c.h; path = "UINavigationBar+UINavigationBar_Translocation.h"; sourceTree = "<group>"; };
		292191071F23AC8E00EAC7A8 /* UINavigationBar+UINavigationBar_Translocation.m */ = {isa = PBXFileReference; fileEncoding = 4; lastKnownFileType = sourcecode.c.objc; path = "UINavigationBar+UINavigationBar_Translocation.m"; sourceTree = "<group>"; };
		29BE7C071F1FD43100DFE34B /* newsApp.app */ = {isa = PBXFileReference; explicitFileType = wrapper.application; includeInIndex = 0; path = newsApp.app; sourceTree = BUILT_PRODUCTS_DIR; };
		29BE7C0B1F1FD43100DFE34B /* main.m */ = {isa = PBXFileReference; lastKnownFileType = sourcecode.c.objc; path = main.m; sourceTree = "<group>"; };
		29BE7C0D1F1FD43100DFE34B /* AppDelegate.h */ = {isa = PBXFileReference; lastKnownFileType = sourcecode.c.h; path = AppDelegate.h; sourceTree = "<group>"; };
		29BE7C0E1F1FD43100DFE34B /* AppDelegate.m */ = {isa = PBXFileReference; lastKnownFileType = sourcecode.c.objc; path = AppDelegate.m; sourceTree = "<group>"; };
		29BE7C101F1FD43100DFE34B /* KSVNewsTableViewController.h */ = {isa = PBXFileReference; lastKnownFileType = sourcecode.c.h; path = KSVNewsTableViewController.h; sourceTree = "<group>"; };
		29BE7C111F1FD43100DFE34B /* KSVNewsTableViewController.m */ = {isa = PBXFileReference; lastKnownFileType = sourcecode.c.objc; path = KSVNewsTableViewController.m; sourceTree = "<group>"; };
		29BE7C141F1FD43100DFE34B /* Base */ = {isa = PBXFileReference; lastKnownFileType = file.storyboard; name = Base; path = Base.lproj/Main.storyboard; sourceTree = "<group>"; };
		29BE7C161F1FD43100DFE34B /* Assets.xcassets */ = {isa = PBXFileReference; lastKnownFileType = folder.assetcatalog; path = Assets.xcassets; sourceTree = "<group>"; };
		29BE7C191F1FD43100DFE34B /* Base */ = {isa = PBXFileReference; lastKnownFileType = file.storyboard; name = Base; path = Base.lproj/LaunchScreen.storyboard; sourceTree = "<group>"; };
		29BE7C1B1F1FD43100DFE34B /* Info.plist */ = {isa = PBXFileReference; lastKnownFileType = text.plist.xml; path = Info.plist; sourceTree = "<group>"; };
		29BE7C201F1FD43100DFE34B /* newsAppTests.xctest */ = {isa = PBXFileReference; explicitFileType = wrapper.cfbundle; includeInIndex = 0; path = newsAppTests.xctest; sourceTree = BUILT_PRODUCTS_DIR; };
		29BE7C241F1FD43100DFE34B /* newsAppTests.m */ = {isa = PBXFileReference; lastKnownFileType = sourcecode.c.objc; path = newsAppTests.m; sourceTree = "<group>"; };
		29BE7C261F1FD43200DFE34B /* Info.plist */ = {isa = PBXFileReference; lastKnownFileType = text.plist.xml; path = Info.plist; sourceTree = "<group>"; };
		29BE7C2B1F1FD43200DFE34B /* newsAppUITests.xctest */ = {isa = PBXFileReference; explicitFileType = wrapper.cfbundle; includeInIndex = 0; path = newsAppUITests.xctest; sourceTree = BUILT_PRODUCTS_DIR; };
		29BE7C2F1F1FD43200DFE34B /* newsAppUITests.m */ = {isa = PBXFileReference; lastKnownFileType = sourcecode.c.objc; path = newsAppUITests.m; sourceTree = "<group>"; };
		29BE7C311F1FD43200DFE34B /* Info.plist */ = {isa = PBXFileReference; lastKnownFileType = text.plist.xml; path = Info.plist; sourceTree = "<group>"; };
		29BE7C401F1FE55C00DFE34B /* KSVNewsTableViewCell.h */ = {isa = PBXFileReference; fileEncoding = 4; lastKnownFileType = sourcecode.c.h; path = KSVNewsTableViewCell.h; sourceTree = "<group>"; };
		29BE7C411F1FE55C00DFE34B /* KSVNewsTableViewCell.m */ = {isa = PBXFileReference; fileEncoding = 4; lastKnownFileType = sourcecode.c.objc; path = KSVNewsTableViewCell.m; sourceTree = "<group>"; };
		29C296801F1FEB7000A9F292 /* KSVDataManager.h */ = {isa = PBXFileReference; fileEncoding = 4; lastKnownFileType = sourcecode.c.h; path = KSVDataManager.h; sourceTree = "<group>"; };
		29C296811F1FEB7000A9F292 /* KSVDataManager.m */ = {isa = PBXFileReference; fileEncoding = 4; lastKnownFileType = sourcecode.c.objc; path = KSVDataManager.m; sourceTree = "<group>"; };
		29C296871F211B8E00A9F292 /* KSVNews.h */ = {isa = PBXFileReference; fileEncoding = 4; lastKnownFileType = sourcecode.c.h; path = KSVNews.h; sourceTree = "<group>"; };
		29C296881F211B8E00A9F292 /* KSVNews.m */ = {isa = PBXFileReference; fileEncoding = 4; lastKnownFileType = sourcecode.c.objc; path = KSVNews.m; sourceTree = "<group>"; };
		29F8E91C1F22B6EC001C3155 /* KSVDetailNewsTableViewController.h */ = {isa = PBXFileReference; fileEncoding = 4; lastKnownFileType = sourcecode.c.h; path = KSVDetailNewsTableViewController.h; sourceTree = "<group>"; };
		29F8E91D1F22B6EC001C3155 /* KSVDetailNewsTableViewController.m */ = {isa = PBXFileReference; fileEncoding = 4; lastKnownFileType = sourcecode.c.objc; path = KSVDetailNewsTableViewController.m; sourceTree = "<group>"; };
		29F8E91F1F22E146001C3155 /* KSVHeaderTableViewCell.h */ = {isa = PBXFileReference; fileEncoding = 4; lastKnownFileType = sourcecode.c.h; path = KSVHeaderTableViewCell.h; sourceTree = "<group>"; };
		29F8E9201F22E146001C3155 /* KSVHeaderTableViewCell.m */ = {isa = PBXFileReference; fileEncoding = 4; lastKnownFileType = sourcecode.c.objc; path = KSVHeaderTableViewCell.m; sourceTree = "<group>"; };
		29F8E9221F22E181001C3155 /* KSVDescriptionTableViewCell.h */ = {isa = PBXFileReference; fileEncoding = 4; lastKnownFileType = sourcecode.c.h; path = KSVDescriptionTableViewCell.h; sourceTree = "<group>"; };
		29F8E9231F22E181001C3155 /* KSVDescriptionTableViewCell.m */ = {isa = PBXFileReference; fileEncoding = 4; lastKnownFileType = sourcecode.c.objc; path = KSVDescriptionTableViewCell.m; sourceTree = "<group>"; };
		6ADF8AFFD2D27DE8FB440D65 /* Pods-newsAppUITests.debug.xcconfig */ = {isa = PBXFileReference; includeInIndex = 1; lastKnownFileType = text.xcconfig; name = "Pods-newsAppUITests.debug.xcconfig"; path = "Pods/Target Support Files/Pods-newsAppUITests/Pods-newsAppUITests.debug.xcconfig"; sourceTree = "<group>"; };
		73FC6DD846553CB69E3F8427 /* Pods-newsAppUITests.release.xcconfig */ = {isa = PBXFileReference; includeInIndex = 1; lastKnownFileType = text.xcconfig; name = "Pods-newsAppUITests.release.xcconfig"; path = "Pods/Target Support Files/Pods-newsAppUITests/Pods-newsAppUITests.release.xcconfig"; sourceTree = "<group>"; };
		7F0DF9B3BD4A78530C83508F /* libPods-newsAppUITests.a */ = {isa = PBXFileReference; explicitFileType = archive.ar; includeInIndex = 0; path = "libPods-newsAppUITests.a"; sourceTree = BUILT_PRODUCTS_DIR; };
		9EFFF4EB25BC570BF64C8FC7 /* Pods-newsApp.debug.xcconfig */ = {isa = PBXFileReference; includeInIndex = 1; lastKnownFileType = text.xcconfig; name = "Pods-newsApp.debug.xcconfig"; path = "Pods/Target Support Files/Pods-newsApp/Pods-newsApp.debug.xcconfig"; sourceTree = "<group>"; };
		C2FF5C12F2C735588428A03F /* libPods-newsApp.a */ = {isa = PBXFileReference; explicitFileType = archive.ar; includeInIndex = 0; path = "libPods-newsApp.a"; sourceTree = BUILT_PRODUCTS_DIR; };
		DA6A2A9895E85A2FE3ACC5C0 /* libPods-newsAppTests.a */ = {isa = PBXFileReference; explicitFileType = archive.ar; includeInIndex = 0; path = "libPods-newsAppTests.a"; sourceTree = BUILT_PRODUCTS_DIR; };
		FB0FD638D60971849B8349A0 /* Pods-newsAppTests.debug.xcconfig */ = {isa = PBXFileReference; includeInIndex = 1; lastKnownFileType = text.xcconfig; name = "Pods-newsAppTests.debug.xcconfig"; path = "Pods/Target Support Files/Pods-newsAppTests/Pods-newsAppTests.debug.xcconfig"; sourceTree = "<group>"; };
		FD8A76E16953EA0FB6D43381 /* Pods-newsApp.release.xcconfig */ = {isa = PBXFileReference; includeInIndex = 1; lastKnownFileType = text.xcconfig; name = "Pods-newsApp.release.xcconfig"; path = "Pods/Target Support Files/Pods-newsApp/Pods-newsApp.release.xcconfig"; sourceTree = "<group>"; };
/* End PBXFileReference section */

/* Begin PBXFrameworksBuildPhase section */
		29BE7C041F1FD43100DFE34B /* Frameworks */ = {
			isa = PBXFrameworksBuildPhase;
			buildActionMask = 2147483647;
			files = (
				5C4D54FFE6F9656DC02A0FE8 /* libPods-newsApp.a in Frameworks */,
			);
			runOnlyForDeploymentPostprocessing = 0;
		};
		29BE7C1D1F1FD43100DFE34B /* Frameworks */ = {
			isa = PBXFrameworksBuildPhase;
			buildActionMask = 2147483647;
			files = (
				E251E9906BFC5953499E47C1 /* libPods-newsAppTests.a in Frameworks */,
			);
			runOnlyForDeploymentPostprocessing = 0;
		};
		29BE7C281F1FD43200DFE34B /* Frameworks */ = {
			isa = PBXFrameworksBuildPhase;
			buildActionMask = 2147483647;
			files = (
				895323E9EF653430DD40CFA6 /* libPods-newsAppUITests.a in Frameworks */,
			);
			runOnlyForDeploymentPostprocessing = 0;
		};
/* End PBXFrameworksBuildPhase section */

/* Begin PBXGroup section */
		29BE7BFE1F1FD43100DFE34B = {
			isa = PBXGroup;
			children = (
				29BE7C091F1FD43100DFE34B /* newsApp */,
				29BE7C231F1FD43100DFE34B /* newsAppTests */,
				29BE7C2E1F1FD43200DFE34B /* newsAppUITests */,
				29BE7C081F1FD43100DFE34B /* Products */,
				D9ED10B1BC45A81186D91907 /* Pods */,
				AE4E6B9C50558C1007292388 /* Frameworks */,
			);
			sourceTree = "<group>";
		};
		29BE7C081F1FD43100DFE34B /* Products */ = {
			isa = PBXGroup;
			children = (
				29BE7C071F1FD43100DFE34B /* newsApp.app */,
				29BE7C201F1FD43100DFE34B /* newsAppTests.xctest */,
				29BE7C2B1F1FD43200DFE34B /* newsAppUITests.xctest */,
			);
			name = Products;
			sourceTree = "<group>";
		};
		29BE7C091F1FD43100DFE34B /* newsApp */ = {
			isa = PBXGroup;
			children = (
				29BE7C3F1F1FE52A00DFE34B /* Cells */,
				29C2967F1F1FEAE800A9F292 /* DataManager */,
				29BE7C3D1F1FE47000DFE34B /* Controllers */,
				29C2967E1F1FEAD900A9F292 /* Model */,
				29BE7C0D1F1FD43100DFE34B /* AppDelegate.h */,
				29BE7C0E1F1FD43100DFE34B /* AppDelegate.m */,
				29BE7C131F1FD43100DFE34B /* Main.storyboard */,
				29BE7C161F1FD43100DFE34B /* Assets.xcassets */,
				29BE7C181F1FD43100DFE34B /* LaunchScreen.storyboard */,
				29BE7C1B1F1FD43100DFE34B /* Info.plist */,
				29BE7C0A1F1FD43100DFE34B /* Supporting Files */,
				292191061F23AC8E00EAC7A8 /* UINavigationBar+UINavigationBar_Translocation.h */,
				292191071F23AC8E00EAC7A8 /* UINavigationBar+UINavigationBar_Translocation.m */,
			);
			path = newsApp;
			sourceTree = "<group>";
		};
		29BE7C0A1F1FD43100DFE34B /* Supporting Files */ = {
			isa = PBXGroup;
			children = (
				29BE7C0B1F1FD43100DFE34B /* main.m */,
			);
			name = "Supporting Files";
			sourceTree = "<group>";
		};
		29BE7C231F1FD43100DFE34B /* newsAppTests */ = {
			isa = PBXGroup;
			children = (
				29BE7C241F1FD43100DFE34B /* newsAppTests.m */,
				29BE7C261F1FD43200DFE34B /* Info.plist */,
			);
			path = newsAppTests;
			sourceTree = "<group>";
		};
		29BE7C2E1F1FD43200DFE34B /* newsAppUITests */ = {
			isa = PBXGroup;
			children = (
				29BE7C2F1F1FD43200DFE34B /* newsAppUITests.m */,
				29BE7C311F1FD43200DFE34B /* Info.plist */,
			);
			path = newsAppUITests;
			sourceTree = "<group>";
		};
		29BE7C3D1F1FE47000DFE34B /* Controllers */ = {
			isa = PBXGroup;
			children = (
				29F8E91D1F22B6EC001C3155 /* KSVDetailNewsTableViewController.m */,
				29F8E91C1F22B6EC001C3155 /* KSVDetailNewsTableViewController.h */,
				29BE7C101F1FD43100DFE34B /* KSVNewsTableViewController.h */,
				29BE7C111F1FD43100DFE34B /* KSVNewsTableViewController.m */,
			);
			name = Controllers;
			sourceTree = "<group>";
		};
		29BE7C3F1F1FE52A00DFE34B /* Cells */ = {
			isa = PBXGroup;
			children = (
				29BE7C401F1FE55C00DFE34B /* KSVNewsTableViewCell.h */,
				29BE7C411F1FE55C00DFE34B /* KSVNewsTableViewCell.m */,
				29F8E91F1F22E146001C3155 /* KSVHeaderTableViewCell.h */,
				29F8E9201F22E146001C3155 /* KSVHeaderTableViewCell.m */,
				29F8E9221F22E181001C3155 /* KSVDescriptionTableViewCell.h */,
				29F8E9231F22E181001C3155 /* KSVDescriptionTableViewCell.m */,
			);
			name = Cells;
			sourceTree = "<group>";
		};
		29C2967E1F1FEAD900A9F292 /* Model */ = {
			isa = PBXGroup;
			children = (
				29C296871F211B8E00A9F292 /* KSVNews.h */,
				29C296881F211B8E00A9F292 /* KSVNews.m */,
			);
			name = Model;
			sourceTree = "<group>";
		};
		29C2967F1F1FEAE800A9F292 /* DataManager */ = {
			isa = PBXGroup;
			children = (
				29C296801F1FEB7000A9F292 /* KSVDataManager.h */,
				29C296811F1FEB7000A9F292 /* KSVDataManager.m */,
			);
			name = DataManager;
			sourceTree = "<group>";
		};
		AE4E6B9C50558C1007292388 /* Frameworks */ = {
			isa = PBXGroup;
			children = (
				C2FF5C12F2C735588428A03F /* libPods-newsApp.a */,
				DA6A2A9895E85A2FE3ACC5C0 /* libPods-newsAppTests.a */,
				7F0DF9B3BD4A78530C83508F /* libPods-newsAppUITests.a */,
			);
			name = Frameworks;
			sourceTree = "<group>";
		};
		D9ED10B1BC45A81186D91907 /* Pods */ = {
			isa = PBXGroup;
			children = (
				9EFFF4EB25BC570BF64C8FC7 /* Pods-newsApp.debug.xcconfig */,
				FD8A76E16953EA0FB6D43381 /* Pods-newsApp.release.xcconfig */,
				FB0FD638D60971849B8349A0 /* Pods-newsAppTests.debug.xcconfig */,
				039CE42E653FD040895AF20D /* Pods-newsAppTests.release.xcconfig */,
				6ADF8AFFD2D27DE8FB440D65 /* Pods-newsAppUITests.debug.xcconfig */,
				73FC6DD846553CB69E3F8427 /* Pods-newsAppUITests.release.xcconfig */,
			);
			name = Pods;
			sourceTree = "<group>";
		};
/* End PBXGroup section */

/* Begin PBXNativeTarget section */
		29BE7C061F1FD43100DFE34B /* newsApp */ = {
			isa = PBXNativeTarget;
			buildConfigurationList = 29BE7C341F1FD43200DFE34B /* Build configuration list for PBXNativeTarget "newsApp" */;
			buildPhases = (
				892B3161CB4F3D526B78B5C1 /* [CP] Check Pods Manifest.lock */,
				29BE7C031F1FD43100DFE34B /* Sources */,
				29BE7C041F1FD43100DFE34B /* Frameworks */,
				29BE7C051F1FD43100DFE34B /* Resources */,
				0AB5604EB169B1095DEFF357 /* [CP] Embed Pods Frameworks */,
				4C0FDF578AFC31F0CB898672 /* [CP] Copy Pods Resources */,
			);
			buildRules = (
			);
			dependencies = (
			);
			name = newsApp;
			productName = newsApp;
			productReference = 29BE7C071F1FD43100DFE34B /* newsApp.app */;
			productType = "com.apple.product-type.application";
		};
		29BE7C1F1F1FD43100DFE34B /* newsAppTests */ = {
			isa = PBXNativeTarget;
			buildConfigurationList = 29BE7C371F1FD43200DFE34B /* Build configuration list for PBXNativeTarget "newsAppTests" */;
			buildPhases = (
				958D7C2811CBB71F2B68C7BE /* [CP] Check Pods Manifest.lock */,
				29BE7C1C1F1FD43100DFE34B /* Sources */,
				29BE7C1D1F1FD43100DFE34B /* Frameworks */,
				29BE7C1E1F1FD43100DFE34B /* Resources */,
				EA45CDE5BBE531D15D5B8768 /* [CP] Embed Pods Frameworks */,
				9B85A0F7FCF6EF29FE2A485B /* [CP] Copy Pods Resources */,
			);
			buildRules = (
			);
			dependencies = (
				29BE7C221F1FD43100DFE34B /* PBXTargetDependency */,
			);
			name = newsAppTests;
			productName = newsAppTests;
			productReference = 29BE7C201F1FD43100DFE34B /* newsAppTests.xctest */;
			productType = "com.apple.product-type.bundle.unit-test";
		};
		29BE7C2A1F1FD43200DFE34B /* newsAppUITests */ = {
			isa = PBXNativeTarget;
			buildConfigurationList = 29BE7C3A1F1FD43200DFE34B /* Build configuration list for PBXNativeTarget "newsAppUITests" */;
			buildPhases = (
				4896B29BEC070EE7274106C5 /* [CP] Check Pods Manifest.lock */,
				29BE7C271F1FD43200DFE34B /* Sources */,
				29BE7C281F1FD43200DFE34B /* Frameworks */,
				29BE7C291F1FD43200DFE34B /* Resources */,
				C4BEFBE2AEC0E745F3DCD655 /* [CP] Embed Pods Frameworks */,
				CD7987513A64EE1891D95B79 /* [CP] Copy Pods Resources */,
			);
			buildRules = (
			);
			dependencies = (
				29BE7C2D1F1FD43200DFE34B /* PBXTargetDependency */,
			);
			name = newsAppUITests;
			productName = newsAppUITests;
			productReference = 29BE7C2B1F1FD43200DFE34B /* newsAppUITests.xctest */;
			productType = "com.apple.product-type.bundle.ui-testing";
		};
/* End PBXNativeTarget section */

/* Begin PBXProject section */
		29BE7BFF1F1FD43100DFE34B /* Project object */ = {
			isa = PBXProject;
			attributes = {
				LastUpgradeCheck = 0830;
				ORGANIZATIONNAME = "Курганов Сергей";
				TargetAttributes = {
					29BE7C061F1FD43100DFE34B = {
						CreatedOnToolsVersion = 8.3.1;
						DevelopmentTeam = 97524QTF44;
						ProvisioningStyle = Automatic;
					};
					29BE7C1F1F1FD43100DFE34B = {
						CreatedOnToolsVersion = 8.3.1;
						DevelopmentTeam = 97524QTF44;
						ProvisioningStyle = Automatic;
						TestTargetID = 29BE7C061F1FD43100DFE34B;
					};
					29BE7C2A1F1FD43200DFE34B = {
						CreatedOnToolsVersion = 8.3.1;
						DevelopmentTeam = 97524QTF44;
						ProvisioningStyle = Automatic;
						TestTargetID = 29BE7C061F1FD43100DFE34B;
					};
				};
			};
			buildConfigurationList = 29BE7C021F1FD43100DFE34B /* Build configuration list for PBXProject "newsApp" */;
			compatibilityVersion = "Xcode 3.2";
			developmentRegion = English;
			hasScannedForEncodings = 0;
			knownRegions = (
				en,
				Base,
			);
			mainGroup = 29BE7BFE1F1FD43100DFE34B;
			productRefGroup = 29BE7C081F1FD43100DFE34B /* Products */;
			projectDirPath = "";
			projectRoot = "";
			targets = (
				29BE7C061F1FD43100DFE34B /* newsApp */,
				29BE7C1F1F1FD43100DFE34B /* newsAppTests */,
				29BE7C2A1F1FD43200DFE34B /* newsAppUITests */,
			);
		};
/* End PBXProject section */

/* Begin PBXResourcesBuildPhase section */
		29BE7C051F1FD43100DFE34B /* Resources */ = {
			isa = PBXResourcesBuildPhase;
			buildActionMask = 2147483647;
			files = (
				29BE7C1A1F1FD43100DFE34B /* LaunchScreen.storyboard in Resources */,
				29BE7C171F1FD43100DFE34B /* Assets.xcassets in Resources */,
				29BE7C151F1FD43100DFE34B /* Main.storyboard in Resources */,
			);
			runOnlyForDeploymentPostprocessing = 0;
		};
		29BE7C1E1F1FD43100DFE34B /* Resources */ = {
			isa = PBXResourcesBuildPhase;
			buildActionMask = 2147483647;
			files = (
			);
			runOnlyForDeploymentPostprocessing = 0;
		};
		29BE7C291F1FD43200DFE34B /* Resources */ = {
			isa = PBXResourcesBuildPhase;
			buildActionMask = 2147483647;
			files = (
			);
			runOnlyForDeploymentPostprocessing = 0;
		};
/* End PBXResourcesBuildPhase section */

/* Begin PBXShellScriptBuildPhase section */
		0AB5604EB169B1095DEFF357 /* [CP] Embed Pods Frameworks */ = {
			isa = PBXShellScriptBuildPhase;
			buildActionMask = 2147483647;
			files = (
			);
			inputPaths = (
			);
			name = "[CP] Embed Pods Frameworks";
			outputPaths = (
			);
			runOnlyForDeploymentPostprocessing = 0;
			shellPath = /bin/sh;
			shellScript = "\"${SRCROOT}/Pods/Target Support Files/Pods-newsApp/Pods-newsApp-frameworks.sh\"\n";
			showEnvVarsInLog = 0;
		};
		4896B29BEC070EE7274106C5 /* [CP] Check Pods Manifest.lock */ = {
			isa = PBXShellScriptBuildPhase;
			buildActionMask = 2147483647;
			files = (
			);
			inputPaths = (
			);
			name = "[CP] Check Pods Manifest.lock";
			outputPaths = (
			);
			runOnlyForDeploymentPostprocessing = 0;
			shellPath = /bin/sh;
			shellScript = "diff \"${PODS_PODFILE_DIR_PATH}/Podfile.lock\" \"${PODS_ROOT}/Manifest.lock\" > /dev/null\nif [ $? != 0 ] ; then\n    # print error to STDERR\n    echo \"error: The sandbox is not in sync with the Podfile.lock. Run 'pod install' or update your CocoaPods installation.\" >&2\n    exit 1\nfi\n";
			showEnvVarsInLog = 0;
		};
		4C0FDF578AFC31F0CB898672 /* [CP] Copy Pods Resources */ = {
			isa = PBXShellScriptBuildPhase;
			buildActionMask = 2147483647;
			files = (
			);
			inputPaths = (
			);
			name = "[CP] Copy Pods Resources";
			outputPaths = (
			);
			runOnlyForDeploymentPostprocessing = 0;
			shellPath = /bin/sh;
			shellScript = "\"${SRCROOT}/Pods/Target Support Files/Pods-newsApp/Pods-newsApp-resources.sh\"\n";
			showEnvVarsInLog = 0;
		};
		892B3161CB4F3D526B78B5C1 /* [CP] Check Pods Manifest.lock */ = {
			isa = PBXShellScriptBuildPhase;
			buildActionMask = 2147483647;
			files = (
			);
			inputPaths = (
			);
			name = "[CP] Check Pods Manifest.lock";
			outputPaths = (
			);
			runOnlyForDeploymentPostprocessing = 0;
			shellPath = /bin/sh;
			shellScript = "diff \"${PODS_PODFILE_DIR_PATH}/Podfile.lock\" \"${PODS_ROOT}/Manifest.lock\" > /dev/null\nif [ $? != 0 ] ; then\n    # print error to STDERR\n    echo \"error: The sandbox is not in sync with the Podfile.lock. Run 'pod install' or update your CocoaPods installation.\" >&2\n    exit 1\nfi\n";
			showEnvVarsInLog = 0;
		};
		958D7C2811CBB71F2B68C7BE /* [CP] Check Pods Manifest.lock */ = {
			isa = PBXShellScriptBuildPhase;
			buildActionMask = 2147483647;
			files = (
			);
			inputPaths = (
			);
			name = "[CP] Check Pods Manifest.lock";
			outputPaths = (
			);
			runOnlyForDeploymentPostprocessing = 0;
			shellPath = /bin/sh;
			shellScript = "diff \"${PODS_PODFILE_DIR_PATH}/Podfile.lock\" \"${PODS_ROOT}/Manifest.lock\" > /dev/null\nif [ $? != 0 ] ; then\n    # print error to STDERR\n    echo \"error: The sandbox is not in sync with the Podfile.lock. Run 'pod install' or update your CocoaPods installation.\" >&2\n    exit 1\nfi\n";
			showEnvVarsInLog = 0;
		};
		9B85A0F7FCF6EF29FE2A485B /* [CP] Copy Pods Resources */ = {
			isa = PBXShellScriptBuildPhase;
			buildActionMask = 2147483647;
			files = (
			);
			inputPaths = (
			);
			name = "[CP] Copy Pods Resources";
			outputPaths = (
			);
			runOnlyForDeploymentPostprocessing = 0;
			shellPath = /bin/sh;
			shellScript = "\"${SRCROOT}/Pods/Target Support Files/Pods-newsAppTests/Pods-newsAppTests-resources.sh\"\n";
			showEnvVarsInLog = 0;
		};
		C4BEFBE2AEC0E745F3DCD655 /* [CP] Embed Pods Frameworks */ = {
			isa = PBXShellScriptBuildPhase;
			buildActionMask = 2147483647;
			files = (
			);
			inputPaths = (
			);
			name = "[CP] Embed Pods Frameworks";
			outputPaths = (
			);
			runOnlyForDeploymentPostprocessing = 0;
			shellPath = /bin/sh;
			shellScript = "\"${SRCROOT}/Pods/Target Support Files/Pods-newsAppUITests/Pods-newsAppUITests-frameworks.sh\"\n";
			showEnvVarsInLog = 0;
		};
		CD7987513A64EE1891D95B79 /* [CP] Copy Pods Resources */ = {
			isa = PBXShellScriptBuildPhase;
			buildActionMask = 2147483647;
			files = (
			);
			inputPaths = (
			);
			name = "[CP] Copy Pods Resources";
			outputPaths = (
			);
			runOnlyForDeploymentPostprocessing = 0;
			shellPath = /bin/sh;
			shellScript = "\"${SRCROOT}/Pods/Target Support Files/Pods-newsAppUITests/Pods-newsAppUITests-resources.sh\"\n";
			showEnvVarsInLog = 0;
		};
		EA45CDE5BBE531D15D5B8768 /* [CP] Embed Pods Frameworks */ = {
			isa = PBXShellScriptBuildPhase;
			buildActionMask = 2147483647;
			files = (
			);
			inputPaths = (
			);
			name = "[CP] Embed Pods Frameworks";
			outputPaths = (
			);
			runOnlyForDeploymentPostprocessing = 0;
			shellPath = /bin/sh;
			shellScript = "\"${SRCROOT}/Pods/Target Support Files/Pods-newsAppTests/Pods-newsAppTests-frameworks.sh\"\n";
			showEnvVarsInLog = 0;
		};
/* End PBXShellScriptBuildPhase section */

/* Begin PBXSourcesBuildPhase section */
		29BE7C031F1FD43100DFE34B /* Sources */ = {
			isa = PBXSourcesBuildPhase;
			buildActionMask = 2147483647;
			files = (
				29F8E91E1F22B6EC001C3155 /* KSVDetailNewsTableViewController.m in Sources */,
				292191081F23AC8E00EAC7A8 /* UINavigationBar+UINavigationBar_Translocation.m in Sources */,
				29C296891F211B8E00A9F292 /* KSVNews.m in Sources */,
				29BE7C121F1FD43100DFE34B /* KSVNewsTableViewController.m in Sources */,
				29C296821F1FEB7000A9F292 /* KSVDataManager.m in Sources */,
				29BE7C421F1FE55C00DFE34B /* KSVNewsTableViewCell.m in Sources */,
				29F8E9241F22E181001C3155 /* KSVDescriptionTableViewCell.m in Sources */,
				29BE7C0F1F1FD43100DFE34B /* AppDelegate.m in Sources */,
				29F8E9211F22E146001C3155 /* KSVHeaderTableViewCell.m in Sources */,
				29BE7C0C1F1FD43100DFE34B /* main.m in Sources */,
			);
			runOnlyForDeploymentPostprocessing = 0;
		};
		29BE7C1C1F1FD43100DFE34B /* Sources */ = {
			isa = PBXSourcesBuildPhase;
			buildActionMask = 2147483647;
			files = (
				29BE7C251F1FD43100DFE34B /* newsAppTests.m in Sources */,
			);
			runOnlyForDeploymentPostprocessing = 0;
		};
		29BE7C271F1FD43200DFE34B /* Sources */ = {
			isa = PBXSourcesBuildPhase;
			buildActionMask = 2147483647;
			files = (
				29BE7C301F1FD43200DFE34B /* newsAppUITests.m in Sources */,
			);
			runOnlyForDeploymentPostprocessing = 0;
		};
/* End PBXSourcesBuildPhase section */

/* Begin PBXTargetDependency section */
		29BE7C221F1FD43100DFE34B /* PBXTargetDependency */ = {
			isa = PBXTargetDependency;
			target = 29BE7C061F1FD43100DFE34B /* newsApp */;
			targetProxy = 29BE7C211F1FD43100DFE34B /* PBXContainerItemProxy */;
		};
		29BE7C2D1F1FD43200DFE34B /* PBXTargetDependency */ = {
			isa = PBXTargetDependency;
			target = 29BE7C061F1FD43100DFE34B /* newsApp */;
			targetProxy = 29BE7C2C1F1FD43200DFE34B /* PBXContainerItemProxy */;
		};
/* End PBXTargetDependency section */

/* Begin PBXVariantGroup section */
		29BE7C131F1FD43100DFE34B /* Main.storyboard */ = {
			isa = PBXVariantGroup;
			children = (
				29BE7C141F1FD43100DFE34B /* Base */,
			);
			name = Main.storyboard;
			sourceTree = "<group>";
		};
		29BE7C181F1FD43100DFE34B /* LaunchScreen.storyboard */ = {
			isa = PBXVariantGroup;
			children = (
				29BE7C191F1FD43100DFE34B /* Base */,
			);
			name = LaunchScreen.storyboard;
			sourceTree = "<group>";
		};
/* End PBXVariantGroup section */

/* Begin XCBuildConfiguration section */
		29BE7C321F1FD43200DFE34B /* Debug */ = {
			isa = XCBuildConfiguration;
			buildSettings = {
				ALWAYS_SEARCH_USER_PATHS = NO;
				CLANG_ANALYZER_NONNULL = YES;
				CLANG_ANALYZER_NUMBER_OBJECT_CONVERSION = YES_AGGRESSIVE;
				CLANG_CXX_LANGUAGE_STANDARD = "gnu++0x";
				CLANG_CXX_LIBRARY = "libc++";
				CLANG_ENABLE_MODULES = YES;
				CLANG_ENABLE_OBJC_ARC = YES;
				CLANG_WARN_BOOL_CONVERSION = YES;
				CLANG_WARN_CONSTANT_CONVERSION = YES;
				CLANG_WARN_DIRECT_OBJC_ISA_USAGE = YES_ERROR;
				CLANG_WARN_DOCUMENTATION_COMMENTS = YES;
				CLANG_WARN_EMPTY_BODY = YES;
				CLANG_WARN_ENUM_CONVERSION = YES;
				CLANG_WARN_INFINITE_RECURSION = YES;
				CLANG_WARN_INT_CONVERSION = YES;
				CLANG_WARN_OBJC_ROOT_CLASS = YES_ERROR;
				CLANG_WARN_SUSPICIOUS_MOVE = YES;
				CLANG_WARN_UNREACHABLE_CODE = YES;
				CLANG_WARN__DUPLICATE_METHOD_MATCH = YES;
				"CODE_SIGN_IDENTITY[sdk=iphoneos*]" = "iPhone Developer";
				COPY_PHASE_STRIP = NO;
				DEBUG_INFORMATION_FORMAT = dwarf;
				ENABLE_STRICT_OBJC_MSGSEND = YES;
				ENABLE_TESTABILITY = YES;
				GCC_C_LANGUAGE_STANDARD = gnu99;
				GCC_DYNAMIC_NO_PIC = NO;
				GCC_NO_COMMON_BLOCKS = YES;
				GCC_OPTIMIZATION_LEVEL = 0;
				GCC_PREPROCESSOR_DEFINITIONS = (
					"DEBUG=1",
					"$(inherited)",
				);
				GCC_WARN_64_TO_32_BIT_CONVERSION = YES;
				GCC_WARN_ABOUT_RETURN_TYPE = YES_ERROR;
				GCC_WARN_UNDECLARED_SELECTOR = YES;
				GCC_WARN_UNINITIALIZED_AUTOS = YES_AGGRESSIVE;
				GCC_WARN_UNUSED_FUNCTION = YES;
				GCC_WARN_UNUSED_VARIABLE = YES;
				IPHONEOS_DEPLOYMENT_TARGET = 10.3;
				MTL_ENABLE_DEBUG_INFO = YES;
				ONLY_ACTIVE_ARCH = YES;
				SDKROOT = iphoneos;
				TARGETED_DEVICE_FAMILY = "1,2";
			};
			name = Debug;
		};
		29BE7C331F1FD43200DFE34B /* Release */ = {
			isa = XCBuildConfiguration;
			buildSettings = {
				ALWAYS_SEARCH_USER_PATHS = NO;
				CLANG_ANALYZER_NONNULL = YES;
				CLANG_ANALYZER_NUMBER_OBJECT_CONVERSION = YES_AGGRESSIVE;
				CLANG_CXX_LANGUAGE_STANDARD = "gnu++0x";
				CLANG_CXX_LIBRARY = "libc++";
				CLANG_ENABLE_MODULES = YES;
				CLANG_ENABLE_OBJC_ARC = YES;
				CLANG_WARN_BOOL_CONVERSION = YES;
				CLANG_WARN_CONSTANT_CONVERSION = YES;
				CLANG_WARN_DIRECT_OBJC_ISA_USAGE = YES_ERROR;
				CLANG_WARN_DOCUMENTATION_COMMENTS = YES;
				CLANG_WARN_EMPTY_BODY = YES;
				CLANG_WARN_ENUM_CONVERSION = YES;
				CLANG_WARN_INFINITE_RECURSION = YES;
				CLANG_WARN_INT_CONVERSION = YES;
				CLANG_WARN_OBJC_ROOT_CLASS = YES_ERROR;
				CLANG_WARN_SUSPICIOUS_MOVE = YES;
				CLANG_WARN_UNREACHABLE_CODE = YES;
				CLANG_WARN__DUPLICATE_METHOD_MATCH = YES;
				"CODE_SIGN_IDENTITY[sdk=iphoneos*]" = "iPhone Developer";
				COPY_PHASE_STRIP = NO;
				DEBUG_INFORMATION_FORMAT = "dwarf-with-dsym";
				ENABLE_NS_ASSERTIONS = NO;
				ENABLE_STRICT_OBJC_MSGSEND = YES;
				GCC_C_LANGUAGE_STANDARD = gnu99;
				GCC_NO_COMMON_BLOCKS = YES;
				GCC_WARN_64_TO_32_BIT_CONVERSION = YES;
				GCC_WARN_ABOUT_RETURN_TYPE = YES_ERROR;
				GCC_WARN_UNDECLARED_SELECTOR = YES;
				GCC_WARN_UNINITIALIZED_AUTOS = YES_AGGRESSIVE;
				GCC_WARN_UNUSED_FUNCTION = YES;
				GCC_WARN_UNUSED_VARIABLE = YES;
				IPHONEOS_DEPLOYMENT_TARGET = 10.3;
				MTL_ENABLE_DEBUG_INFO = NO;
				SDKROOT = iphoneos;
				TARGETED_DEVICE_FAMILY = "1,2";
				VALIDATE_PRODUCT = YES;
			};
			name = Release;
		};
		29BE7C351F1FD43200DFE34B /* Debug */ = {
			isa = XCBuildConfiguration;
			baseConfigurationReference = 9EFFF4EB25BC570BF64C8FC7 /* Pods-newsApp.debug.xcconfig */;
			buildSettings = {
				ASSETCATALOG_COMPILER_APPICON_NAME = AppIcon;
				DEVELOPMENT_TEAM = 97524QTF44;
				INFOPLIST_FILE = newsApp/Info.plist;
				IPHONEOS_DEPLOYMENT_TARGET = 10.3;
				LD_RUNPATH_SEARCH_PATHS = "$(inherited) @executable_path/Frameworks";
				PRODUCT_BUNDLE_IDENTIFIER = KSV.newsApp;
				PRODUCT_NAME = "$(TARGET_NAME)";
				TARGETED_DEVICE_FAMILY = 1;
			};
			name = Debug;
		};
		29BE7C361F1FD43200DFE34B /* Release */ = {
			isa = XCBuildConfiguration;
			baseConfigurationReference = FD8A76E16953EA0FB6D43381 /* Pods-newsApp.release.xcconfig */;
			buildSettings = {
				ASSETCATALOG_COMPILER_APPICON_NAME = AppIcon;
				DEVELOPMENT_TEAM = 97524QTF44;
				INFOPLIST_FILE = newsApp/Info.plist;
				IPHONEOS_DEPLOYMENT_TARGET = 10.3;
				LD_RUNPATH_SEARCH_PATHS = "$(inherited) @executable_path/Frameworks";
				PRODUCT_BUNDLE_IDENTIFIER = KSV.newsApp;
				PRODUCT_NAME = "$(TARGET_NAME)";
				TARGETED_DEVICE_FAMILY = 1;
			};
			name = Release;
		};
		29BE7C381F1FD43200DFE34B /* Debug */ = {
			isa = XCBuildConfiguration;
			baseConfigurationReference = FB0FD638D60971849B8349A0 /* Pods-newsAppTests.debug.xcconfig */;
			buildSettings = {
				BUNDLE_LOADER = "$(TEST_HOST)";
				DEVELOPMENT_TEAM = 97524QTF44;
				INFOPLIST_FILE = newsAppTests/Info.plist;
				LD_RUNPATH_SEARCH_PATHS = "$(inherited) @executable_path/Frameworks @loader_path/Frameworks";
				PRODUCT_BUNDLE_IDENTIFIER = KSV.newsAppTests;
				PRODUCT_NAME = "$(TARGET_NAME)";
				TEST_HOST = "$(BUILT_PRODUCTS_DIR)/newsApp.app/newsApp";
			};
			name = Debug;
		};
		29BE7C391F1FD43200DFE34B /* Release */ = {
			isa = XCBuildConfiguration;
			baseConfigurationReference = 039CE42E653FD040895AF20D /* Pods-newsAppTests.release.xcconfig */;
			buildSettings = {
				BUNDLE_LOADER = "$(TEST_HOST)";
				DEVELOPMENT_TEAM = 97524QTF44;
				INFOPLIST_FILE = newsAppTests/Info.plist;
				LD_RUNPATH_SEARCH_PATHS = "$(inherited) @executable_path/Frameworks @loader_path/Frameworks";
				PRODUCT_BUNDLE_IDENTIFIER = KSV.newsAppTests;
				PRODUCT_NAME = "$(TARGET_NAME)";
				TEST_HOST = "$(BUILT_PRODUCTS_DIR)/newsApp.app/newsApp";
			};
			name = Release;
		};
		29BE7C3B1F1FD43200DFE34B /* Debug */ = {
			isa = XCBuildConfiguration;
			baseConfigurationReference = 6ADF8AFFD2D27DE8FB440D65 /* Pods-newsAppUITests.debug.xcconfig */;
			buildSettings = {
				DEVELOPMENT_TEAM = 97524QTF44;
				INFOPLIST_FILE = newsAppUITests/Info.plist;
				LD_RUNPATH_SEARCH_PATHS = "$(inherited) @executable_path/Frameworks @loader_path/Frameworks";
				PRODUCT_BUNDLE_IDENTIFIER = KSV.newsAppUITests;
				PRODUCT_NAME = "$(TARGET_NAME)";
				TEST_TARGET_NAME = newsApp;
			};
			name = Debug;
		};
		29BE7C3C1F1FD43200DFE34B /* Release */ = {
			isa = XCBuildConfiguration;
			baseConfigurationReference = 73FC6DD846553CB69E3F8427 /* Pods-newsAppUITests.release.xcconfig */;
			buildSettings = {
				DEVELOPMENT_TEAM = 97524QTF44;
				INFOPLIST_FILE = newsAppUITests/Info.plist;
				LD_RUNPATH_SEARCH_PATHS = "$(inherited) @executable_path/Frameworks @loader_path/Frameworks";
				PRODUCT_BUNDLE_IDENTIFIER = KSV.newsAppUITests;
				PRODUCT_NAME = "$(TARGET_NAME)";
				TEST_TARGET_NAME = newsApp;
			};
			name = Release;
		};
/* End XCBuildConfiguration section */

/* Begin XCConfigurationList section */
		29BE7C021F1FD43100DFE34B /* Build configuration list for PBXProject "newsApp" */ = {
			isa = XCConfigurationList;
			buildConfigurations = (
				29BE7C321F1FD43200DFE34B /* Debug */,
				29BE7C331F1FD43200DFE34B /* Release */,
			);
			defaultConfigurationIsVisible = 0;
			defaultConfigurationName = Release;
		};
		29BE7C341F1FD43200DFE34B /* Build configuration list for PBXNativeTarget "newsApp" */ = {
			isa = XCConfigurationList;
			buildConfigurations = (
				29BE7C351F1FD43200DFE34B /* Debug */,
				29BE7C361F1FD43200DFE34B /* Release */,
			);
			defaultConfigurationIsVisible = 0;
			defaultConfigurationName = Release;
		};
		29BE7C371F1FD43200DFE34B /* Build configuration list for PBXNativeTarget "newsAppTests" */ = {
			isa = XCConfigurationList;
			buildConfigurations = (
				29BE7C381F1FD43200DFE34B /* Debug */,
				29BE7C391F1FD43200DFE34B /* Release */,
			);
			defaultConfigurationIsVisible = 0;
			defaultConfigurationName = Release;
		};
		29BE7C3A1F1FD43200DFE34B /* Build configuration list for PBXNativeTarget "newsAppUITests" */ = {
			isa = XCConfigurationList;
			buildConfigurations = (
				29BE7C3B1F1FD43200DFE34B /* Debug */,
				29BE7C3C1F1FD43200DFE34B /* Release */,
			);
			defaultConfigurationIsVisible = 0;
			defaultConfigurationName = Release;
		};
/* End XCConfigurationList section */
	};
	rootObject = 29BE7BFF1F1FD43100DFE34B /* Project object */;
}
